
Microsoft Visual Studio Solution File, Format Version 12.00
# Visual Studio Version 17
VisualStudioVersion = 17.8.34330.188
MinimumVisualStudioVersion = 10.0.40219.1
Project("{FAE04EC0-301F-11D3-BF4B-00C04F79EFBC}") = "PBL3.Server", "PBL3.Server\PBL3.Server.csproj", "{09216DFE-F7F5-4B69-B456-5361BF2BDDDB}"
EndProject
Project("{54A90642-561A-4BB1-A94E-469ADEE60C69}") = "pbl3.client", "pbl3.client\pbl3.client.esproj", "{CD9B98C5-C638-401E-82ED-D1539C45E828}"
EndProject
Global
	GlobalSection(SolutionConfigurationPlatforms) = preSolution
		Debug|Any CPU = Debug|Any CPU
		Release|Any CPU = Release|Any CPU
	EndGlobalSection
	GlobalSection(ProjectConfigurationPlatforms) = postSolution
		{09216DFE-F7F5-4B69-B456-5361BF2BDDDB}.Debug|Any CPU.ActiveCfg = Debug|Any CPU
		{09216DFE-F7F5-4B69-B456-5361BF2BDDDB}.Debug|Any CPU.Build.0 = Debug|Any CPU
		{09216DFE-F7F5-4B69-B456-5361BF2BDDDB}.Release|Any CPU.ActiveCfg = Release|Any CPU
		{09216DFE-F7F5-4B69-B456-5361BF2BDDDB}.Release|Any CPU.Build.0 = Release|Any CPU
		{CD9B98C5-C638-401E-82ED-D1539C45E828}.Debug|Any CPU.ActiveCfg = Debug|Any CPU
		{CD9B98C5-C638-401E-82ED-D1539C45E828}.Debug|Any CPU.Build.0 = Debug|Any CPU
		{CD9B98C5-C638-401E-82ED-D1539C45E828}.Debug|Any CPU.Deploy.0 = Debug|Any CPU
		{CD9B98C5-C638-401E-82ED-D1539C45E828}.Release|Any CPU.ActiveCfg = Release|Any CPU
		{CD9B98C5-C638-401E-82ED-D1539C45E828}.Release|Any CPU.Build.0 = Release|Any CPU
		{CD9B98C5-C638-401E-82ED-D1539C45E828}.Release|Any CPU.Deploy.0 = Release|Any CPU
	EndGlobalSection
	GlobalSection(SolutionProperties) = preSolution
		HideSolutionNode = FALSE
	EndGlobalSection
	GlobalSection(ExtensibilityGlobals) = postSolution
		SolutionGuid = {90695D5B-A27F-4016-A7BD-49F33EFB43E6}
	EndGlobalSection
EndGlobal
